// !$*UTF8*$!
{
	archiveVersion = 1;
	classes = {
	};
	objectVersion = 46;
	objects = {

/* Begin PBXBuildFile section */
		5B1B5DA11E911559006D1375 /* ChartsRealm.framework in Frameworks */ = {isa = PBXBuildFile; fileRef = 5B1B5DA01E91152D006D1375 /* ChartsRealm.framework */; };
		5B1B5DA21E911559006D1375 /* ChartsRealm.framework in Embed Frameworks */ = {isa = PBXBuildFile; fileRef = 5B1B5DA01E91152D006D1375 /* ChartsRealm.framework */; settings = {ATTRIBUTES = (CodeSignOnCopy, RemoveHeadersOnCopy, ); }; };
		5B4316271AB8D8AE0009FCAA /* Icon-29@2x.png in Resources */ = {isa = PBXBuildFile; fileRef = 5B43161F1AB8D8AE0009FCAA /* Icon-29@2x.png */; };
		5B4316281AB8D8AE0009FCAA /* Icon-29@3x.png in Resources */ = {isa = PBXBuildFile; fileRef = 5B4316201AB8D8AE0009FCAA /* Icon-29@3x.png */; };
		5B4316291AB8D8AE0009FCAA /* Icon-40@2x.png in Resources */ = {isa = PBXBuildFile; fileRef = 5B4316211AB8D8AE0009FCAA /* Icon-40@2x.png */; };
		5B43162A1AB8D8AE0009FCAA /* Icon-40@3x.png in Resources */ = {isa = PBXBuildFile; fileRef = 5B4316221AB8D8AE0009FCAA /* Icon-40@3x.png */; };
		5B43162B1AB8D8AE0009FCAA /* Icon-60@2x.png in Resources */ = {isa = PBXBuildFile; fileRef = 5B4316231AB8D8AE0009FCAA /* Icon-60@2x.png */; };
		5B43162C1AB8D8AE0009FCAA /* Icon-60@3x.png in Resources */ = {isa = PBXBuildFile; fileRef = 5B4316241AB8D8AE0009FCAA /* Icon-60@3x.png */; };
		5B43162D1AB8D8AE0009FCAA /* iTunesArtwork in Resources */ = {isa = PBXBuildFile; fileRef = 5B4316251AB8D8AE0009FCAA /* iTunesArtwork */; };
		5B43162E1AB8D8AE0009FCAA /* iTunesArtwork@2x in Resources */ = {isa = PBXBuildFile; fileRef = 5B4316261AB8D8AE0009FCAA /* iTunesArtwork@2x */; };
		5B4AC14C1C47E7250028D1A6 /* RealmBubbleChartViewController.m in Sources */ = {isa = PBXBuildFile; fileRef = 5B4AC14A1C47E7250028D1A6 /* RealmBubbleChartViewController.m */; };
		5B4AC14D1C47E7250028D1A6 /* RealmBubbleChartViewController.xib in Resources */ = {isa = PBXBuildFile; fileRef = 5B4AC14B1C47E7250028D1A6 /* RealmBubbleChartViewController.xib */; };
		5B4AC1511C47E8720028D1A6 /* RealmHorizontalBarChartViewController.m in Sources */ = {isa = PBXBuildFile; fileRef = 5B4AC14F1C47E8720028D1A6 /* RealmHorizontalBarChartViewController.m */; };
		5B4AC1521C47E8720028D1A6 /* RealmHorizontalBarChartViewController.xib in Resources */ = {isa = PBXBuildFile; fileRef = 5B4AC1501C47E8720028D1A6 /* RealmHorizontalBarChartViewController.xib */; };
		5B4AC1561C47EDC50028D1A6 /* RealmRadarChartViewController.m in Sources */ = {isa = PBXBuildFile; fileRef = 5B4AC1541C47EDC50028D1A6 /* RealmRadarChartViewController.m */; };
		5B4AC1571C47EDC50028D1A6 /* RealmRadarChartViewController.xib in Resources */ = {isa = PBXBuildFile; fileRef = 5B4AC1551C47EDC50028D1A6 /* RealmRadarChartViewController.xib */; };
		5B4AC1981C4C183E0028D1A6 /* Score.m in Sources */ = {isa = PBXBuildFile; fileRef = 5B4AC1971C4C183E0028D1A6 /* Score.m */; };
		5B4AC19E1C4C19340028D1A6 /* RealmWikiExampleChartViewController.m in Sources */ = {isa = PBXBuildFile; fileRef = 5B4AC19C1C4C19340028D1A6 /* RealmWikiExampleChartViewController.m */; };
		5B4AC19F1C4C19340028D1A6 /* RealmWikiExampleChartViewController.xib in Resources */ = {isa = PBXBuildFile; fileRef = 5B4AC19D1C4C19340028D1A6 /* RealmWikiExampleChartViewController.xib */; };
		5B57BBB51A9B26AA0036A6CC /* main.m in Sources */ = {isa = PBXBuildFile; fileRef = 5B57BBB41A9B26AA0036A6CC /* main.m */; };
		5B57BBB81A9B26AA0036A6CC /* AppDelegate.m in Sources */ = {isa = PBXBuildFile; fileRef = 5B57BBB71A9B26AA0036A6CC /* AppDelegate.m */; };
		5B613DA41D526AD5000F1E98 /* radar_marker@3x.png in Resources */ = {isa = PBXBuildFile; fileRef = 5B613DA31D526AD5000F1E98 /* radar_marker@3x.png */; };
		5B613DB31D526DED000F1E98 /* RadarMarkerView.swift in Sources */ = {isa = PBXBuildFile; fileRef = 5B613DB21D526DED000F1E98 /* RadarMarkerView.swift */; };
		5B613DB51D526EA8000F1E98 /* RadarMarkerView.xib in Resources */ = {isa = PBXBuildFile; fileRef = 5B613DB41D526EA8000F1E98 /* RadarMarkerView.xib */; };
		5B613DF01D5A50B6000F1E98 /* XYMarkerView.swift in Sources */ = {isa = PBXBuildFile; fileRef = 5B613DEF1D5A50B6000F1E98 /* XYMarkerView.swift */; };
		5B613DF21D5A60DF000F1E98 /* LargeValueFormatter.swift in Sources */ = {isa = PBXBuildFile; fileRef = 5B613DF11D5A60DF000F1E98 /* LargeValueFormatter.swift */; };
		5B7B3AD81C437CBC001C109B /* RealmDemoListViewController.m in Sources */ = {isa = PBXBuildFile; fileRef = 5B7B3AD61C437CBC001C109B /* RealmDemoListViewController.m */; };
		5B7B3AD91C437CBC001C109B /* RealmDemoListViewController.xib in Resources */ = {isa = PBXBuildFile; fileRef = 5B7B3AD71C437CBC001C109B /* RealmDemoListViewController.xib */; };
		5B7B3ADF1C437F61001C109B /* RealmCandleChartViewController.m in Sources */ = {isa = PBXBuildFile; fileRef = 5B7B3ADD1C437F61001C109B /* RealmCandleChartViewController.m */; };
		5B7B3AE01C437F61001C109B /* RealmCandleChartViewController.xib in Resources */ = {isa = PBXBuildFile; fileRef = 5B7B3ADE1C437F61001C109B /* RealmCandleChartViewController.xib */; };
		5B7B3AE41C438198001C109B /* RealmPieChartViewController.m in Sources */ = {isa = PBXBuildFile; fileRef = 5B7B3AE21C438198001C109B /* RealmPieChartViewController.m */; };
		5B7B3AE51C438198001C109B /* RealmPieChartViewController.xib in Resources */ = {isa = PBXBuildFile; fileRef = 5B7B3AE31C438198001C109B /* RealmPieChartViewController.xib */; };
		5B7B3AE91C4445E7001C109B /* RealmScatterChartViewController.m in Sources */ = {isa = PBXBuildFile; fileRef = 5B7B3AE71C4445E7001C109B /* RealmScatterChartViewController.m */; };
		5B7B3AEA1C4445E7001C109B /* RealmScatterChartViewController.xib in Resources */ = {isa = PBXBuildFile; fileRef = 5B7B3AE81C4445E7001C109B /* RealmScatterChartViewController.xib */; };
		5B8EAF281AB32CF5009697AA /* DemoBaseViewController.m in Sources */ = {isa = PBXBuildFile; fileRef = 5B8EAF261AB32CF5009697AA /* DemoBaseViewController.m */; };
		5B8EAF301AB32E15009697AA /* Images.xcassets in Resources */ = {isa = PBXBuildFile; fileRef = 5B8EAF2F1AB32E15009697AA /* Images.xcassets */; };
		5B90F5AC1E91335800674000 /* Realm.framework in Frameworks */ = {isa = PBXBuildFile; fileRef = 0630AE361D8126B1008859B0 /* Realm.framework */; };
		5B90F5AD1E91335A00674000 /* Charts.framework in Frameworks */ = {isa = PBXBuildFile; fileRef = 5B90F5AA1E91331E00674000 /* Charts.framework */; };
		5B90F5AE1E91337A00674000 /* Charts.framework in Embed Frameworks */ = {isa = PBXBuildFile; fileRef = 5B90F5AA1E91331E00674000 /* Charts.framework */; settings = {ATTRIBUTES = (CodeSignOnCopy, RemoveHeadersOnCopy, ); }; };
		5BD47E5B1ABB0263008FCEC6 /* BalloonMarker.swift in Sources */ = {isa = PBXBuildFile; fileRef = 5BD47E5A1ABB0263008FCEC6 /* BalloonMarker.swift */; };
		5BE377DE1D425151006EB34F /* DayAxisValueFormatter.m in Sources */ = {isa = PBXBuildFile; fileRef = 5BE377DD1D425151006EB34F /* DayAxisValueFormatter.m */; };
		5BE377F21D47FDF1006EB34F /* IntAxisValueFormatter.m in Sources */ = {isa = PBXBuildFile; fileRef = 5BE377F11D47FDF1006EB34F /* IntAxisValueFormatter.m */; };
		5BE6739A1D5BAD7E00A87BA2 /* DateValueFormatter.m in Sources */ = {isa = PBXBuildFile; fileRef = 5BE673991D5BAD7E00A87BA2 /* DateValueFormatter.m */; };
		65BF125A1BFBC6EE005C28D9 /* RealmDemoBaseViewController.m in Sources */ = {isa = PBXBuildFile; fileRef = 65BF12591BFBC6EE005C28D9 /* RealmDemoBaseViewController.m */; };
		65BF125D1BFBC702005C28D9 /* RealmFloat.m in Sources */ = {isa = PBXBuildFile; fileRef = 65BF125C1BFBC702005C28D9 /* RealmFloat.m */; };
		65BF12601BFBC710005C28D9 /* RealmDemoData.m in Sources */ = {isa = PBXBuildFile; fileRef = 65BF125F1BFBC710005C28D9 /* RealmDemoData.m */; };
		65BF12B01BFC9B00005C28D9 /* RealmLineChartViewController.m in Sources */ = {isa = PBXBuildFile; fileRef = 65BF12AE1BFC9B00005C28D9 /* RealmLineChartViewController.m */; };
		65BF12B11BFC9B00005C28D9 /* RealmLineChartViewController.xib in Resources */ = {isa = PBXBuildFile; fileRef = 65BF12AF1BFC9B00005C28D9 /* RealmLineChartViewController.xib */; };
		65BF12B61BFC9B50005C28D9 /* RealmBarChartViewController.m in Sources */ = {isa = PBXBuildFile; fileRef = 65BF12B41BFC9B50005C28D9 /* RealmBarChartViewController.m */; };
		65BF12B71BFC9B50005C28D9 /* RealmBarChartViewController.xib in Resources */ = {isa = PBXBuildFile; fileRef = 65BF12B51BFC9B50005C28D9 /* RealmBarChartViewController.xib */; };
		B6E47BF71FFDB16B0072B35C /* Launch Screen.storyboard in Resources */ = {isa = PBXBuildFile; fileRef = B6E47BF61FFDB16B0072B35C /* Launch Screen.storyboard */; };
/* End PBXBuildFile section */

/* Begin PBXContainerItemProxy section */
		5B1B5D9F1E91152D006D1375 /* PBXContainerItemProxy */ = {
			isa = PBXContainerItemProxy;
			containerPortal = 5B1B5D9B1E91152D006D1375 /* ChartsRealm.xcodeproj */;
			proxyType = 2;
			remoteGlobalIDString = 06B120D51D811E6200D14B02;
			remoteInfo = ChartsRealm;
		};
		5B1B5DA31E911559006D1375 /* PBXContainerItemProxy */ = {
			isa = PBXContainerItemProxy;
			containerPortal = 5B1B5D9B1E91152D006D1375 /* ChartsRealm.xcodeproj */;
			proxyType = 1;
			remoteGlobalIDString = 06B120D41D811E6200D14B02;
			remoteInfo = ChartsRealm;
		};
/* End PBXContainerItemProxy section */

/* Begin PBXCopyFilesBuildPhase section */
		5BB4B0751ACA710D00E2EF4D /* Embed Frameworks */ = {
			isa = PBXCopyFilesBuildPhase;
			buildActionMask = 2147483647;
			dstPath = "";
			dstSubfolderSpec = 10;
			files = (
				5B90F5AE1E91337A00674000 /* Charts.framework in Embed Frameworks */,
				5B1B5DA21E911559006D1375 /* ChartsRealm.framework in Embed Frameworks */,
			);
			name = "Embed Frameworks";
			runOnlyForDeploymentPostprocessing = 0;
		};
/* End PBXCopyFilesBuildPhase section */

/* Begin PBXFileReference section */
		0630AE361D8126B1008859B0 /* Realm.framework */ = {isa = PBXFileReference; lastKnownFileType = wrapper.framework; name = Realm.framework; path = ../Carthage/Build/iOS/Realm.framework; sourceTree = "<group>"; };
		066750AC1E2DB68D00E22DC6 /* Carthage.xcconfig */ = {isa = PBXFileReference; fileEncoding = 4; lastKnownFileType = text.xcconfig; name = Carthage.xcconfig; path = ../Carthage.xcconfig; sourceTree = "<group>"; };
		5B1B5D9B1E91152D006D1375 /* ChartsRealm.xcodeproj */ = {isa = PBXFileReference; lastKnownFileType = "wrapper.pb-project"; name = ChartsRealm.xcodeproj; path = ../ChartsRealm.xcodeproj; sourceTree = "<group>"; };
		5B43161F1AB8D8AE0009FCAA /* Icon-29@2x.png */ = {isa = PBXFileReference; lastKnownFileType = image.png; path = "Icon-29@2x.png"; sourceTree = "<group>"; };
		5B4316201AB8D8AE0009FCAA /* Icon-29@3x.png */ = {isa = PBXFileReference; lastKnownFileType = image.png; path = "Icon-29@3x.png"; sourceTree = "<group>"; };
		5B4316211AB8D8AE0009FCAA /* Icon-40@2x.png */ = {isa = PBXFileReference; lastKnownFileType = image.png; path = "Icon-40@2x.png"; sourceTree = "<group>"; };
		5B4316221AB8D8AE0009FCAA /* Icon-40@3x.png */ = {isa = PBXFileReference; lastKnownFileType = image.png; path = "Icon-40@3x.png"; sourceTree = "<group>"; };
		5B4316231AB8D8AE0009FCAA /* Icon-60@2x.png */ = {isa = PBXFileReference; lastKnownFileType = image.png; path = "Icon-60@2x.png"; sourceTree = "<group>"; };
		5B4316241AB8D8AE0009FCAA /* Icon-60@3x.png */ = {isa = PBXFileReference; lastKnownFileType = image.png; path = "Icon-60@3x.png"; sourceTree = "<group>"; };
		5B4316251AB8D8AE0009FCAA /* iTunesArtwork */ = {isa = PBXFileReference; lastKnownFileType = file; path = iTunesArtwork; sourceTree = "<group>"; };
		5B4316261AB8D8AE0009FCAA /* iTunesArtwork@2x */ = {isa = PBXFileReference; lastKnownFileType = file; path = "iTunesArtwork@2x"; sourceTree = "<group>"; };
		5B4AC1491C47E7250028D1A6 /* RealmBubbleChartViewController.h */ = {isa = PBXFileReference; fileEncoding = 4; lastKnownFileType = sourcecode.c.h; path = RealmBubbleChartViewController.h; sourceTree = "<group>"; };
		5B4AC14A1C47E7250028D1A6 /* RealmBubbleChartViewController.m */ = {isa = PBXFileReference; fileEncoding = 4; lastKnownFileType = sourcecode.c.objc; path = RealmBubbleChartViewController.m; sourceTree = "<group>"; };
		5B4AC14B1C47E7250028D1A6 /* RealmBubbleChartViewController.xib */ = {isa = PBXFileReference; fileEncoding = 4; lastKnownFileType = file.xib; path = RealmBubbleChartViewController.xib; sourceTree = "<group>"; };
		5B4AC14E1C47E8720028D1A6 /* RealmHorizontalBarChartViewController.h */ = {isa = PBXFileReference; fileEncoding = 4; lastKnownFileType = sourcecode.c.h; path = RealmHorizontalBarChartViewController.h; sourceTree = "<group>"; };
		5B4AC14F1C47E8720028D1A6 /* RealmHorizontalBarChartViewController.m */ = {isa = PBXFileReference; fileEncoding = 4; lastKnownFileType = sourcecode.c.objc; path = RealmHorizontalBarChartViewController.m; sourceTree = "<group>"; };
		5B4AC1501C47E8720028D1A6 /* RealmHorizontalBarChartViewController.xib */ = {isa = PBXFileReference; fileEncoding = 4; lastKnownFileType = file.xib; path = RealmHorizontalBarChartViewController.xib; sourceTree = "<group>"; };
		5B4AC1531C47EDC50028D1A6 /* RealmRadarChartViewController.h */ = {isa = PBXFileReference; fileEncoding = 4; lastKnownFileType = sourcecode.c.h; path = RealmRadarChartViewController.h; sourceTree = "<group>"; };
		5B4AC1541C47EDC50028D1A6 /* RealmRadarChartViewController.m */ = {isa = PBXFileReference; fileEncoding = 4; lastKnownFileType = sourcecode.c.objc; path = RealmRadarChartViewController.m; sourceTree = "<group>"; };
		5B4AC1551C47EDC50028D1A6 /* RealmRadarChartViewController.xib */ = {isa = PBXFileReference; fileEncoding = 4; lastKnownFileType = file.xib; path = RealmRadarChartViewController.xib; sourceTree = "<group>"; };
		5B4AC1961C4C183E0028D1A6 /* Score.h */ = {isa = PBXFileReference; fileEncoding = 4; lastKnownFileType = sourcecode.c.h; path = Score.h; sourceTree = "<group>"; };
		5B4AC1971C4C183E0028D1A6 /* Score.m */ = {isa = PBXFileReference; fileEncoding = 4; lastKnownFileType = sourcecode.c.objc; path = Score.m; sourceTree = "<group>"; };
		5B4AC19B1C4C19340028D1A6 /* RealmWikiExampleChartViewController.h */ = {isa = PBXFileReference; fileEncoding = 4; lastKnownFileType = sourcecode.c.h; path = RealmWikiExampleChartViewController.h; sourceTree = "<group>"; };
		5B4AC19C1C4C19340028D1A6 /* RealmWikiExampleChartViewController.m */ = {isa = PBXFileReference; fileEncoding = 4; lastKnownFileType = sourcecode.c.objc; path = RealmWikiExampleChartViewController.m; sourceTree = "<group>"; };
		5B4AC19D1C4C19340028D1A6 /* RealmWikiExampleChartViewController.xib */ = {isa = PBXFileReference; fileEncoding = 4; lastKnownFileType = file.xib; path = RealmWikiExampleChartViewController.xib; sourceTree = "<group>"; };
		5B57BBAF1A9B26AA0036A6CC /* ChartsRealmDemo.app */ = {isa = PBXFileReference; explicitFileType = wrapper.application; includeInIndex = 0; path = ChartsRealmDemo.app; sourceTree = BUILT_PRODUCTS_DIR; };
		5B57BBB31A9B26AA0036A6CC /* Info.plist */ = {isa = PBXFileReference; lastKnownFileType = text.plist.xml; path = Info.plist; sourceTree = "<group>"; };
		5B57BBB41A9B26AA0036A6CC /* main.m */ = {isa = PBXFileReference; lastKnownFileType = sourcecode.c.objc; path = main.m; sourceTree = "<group>"; };
		5B57BBB61A9B26AA0036A6CC /* AppDelegate.h */ = {isa = PBXFileReference; lastKnownFileType = sourcecode.c.h; path = AppDelegate.h; sourceTree = "<group>"; };
		5B57BBB71A9B26AA0036A6CC /* AppDelegate.m */ = {isa = PBXFileReference; lastKnownFileType = sourcecode.c.objc; path = AppDelegate.m; sourceTree = "<group>"; };
		5B613DA31D526AD5000F1E98 /* radar_marker@3x.png */ = {isa = PBXFileReference; lastKnownFileType = image.png; path = "radar_marker@3x.png"; sourceTree = "<group>"; };
		5B613DB21D526DED000F1E98 /* RadarMarkerView.swift */ = {isa = PBXFileReference; fileEncoding = 4; lastKnownFileType = sourcecode.swift; path = RadarMarkerView.swift; sourceTree = "<group>"; };
		5B613DB41D526EA8000F1E98 /* RadarMarkerView.xib */ = {isa = PBXFileReference; fileEncoding = 4; lastKnownFileType = file.xib; path = RadarMarkerView.xib; sourceTree = "<group>"; };
		5B613DEF1D5A50B6000F1E98 /* XYMarkerView.swift */ = {isa = PBXFileReference; fileEncoding = 4; lastKnownFileType = sourcecode.swift; path = XYMarkerView.swift; sourceTree = "<group>"; };
		5B613DF11D5A60DF000F1E98 /* LargeValueFormatter.swift */ = {isa = PBXFileReference; fileEncoding = 4; lastKnownFileType = sourcecode.swift; path = LargeValueFormatter.swift; sourceTree = "<group>"; };
		5B7B3AD51C437CBC001C109B /* RealmDemoListViewController.h */ = {isa = PBXFileReference; fileEncoding = 4; lastKnownFileType = sourcecode.c.h; path = RealmDemoListViewController.h; sourceTree = "<group>"; };
		5B7B3AD61C437CBC001C109B /* RealmDemoListViewController.m */ = {isa = PBXFileReference; fileEncoding = 4; lastKnownFileType = sourcecode.c.objc; path = RealmDemoListViewController.m; sourceTree = "<group>"; };
		5B7B3AD71C437CBC001C109B /* RealmDemoListViewController.xib */ = {isa = PBXFileReference; fileEncoding = 4; lastKnownFileType = file.xib; path = RealmDemoListViewController.xib; sourceTree = "<group>"; };
		5B7B3ADC1C437F61001C109B /* RealmCandleChartViewController.h */ = {isa = PBXFileReference; fileEncoding = 4; lastKnownFileType = sourcecode.c.h; path = RealmCandleChartViewController.h; sourceTree = "<group>"; };
		5B7B3ADD1C437F61001C109B /* RealmCandleChartViewController.m */ = {isa = PBXFileReference; fileEncoding = 4; lastKnownFileType = sourcecode.c.objc; path = RealmCandleChartViewController.m; sourceTree = "<group>"; };
		5B7B3ADE1C437F61001C109B /* RealmCandleChartViewController.xib */ = {isa = PBXFileReference; fileEncoding = 4; lastKnownFileType = file.xib; path = RealmCandleChartViewController.xib; sourceTree = "<group>"; };
		5B7B3AE11C438198001C109B /* RealmPieChartViewController.h */ = {isa = PBXFileReference; fileEncoding = 4; lastKnownFileType = sourcecode.c.h; path = RealmPieChartViewController.h; sourceTree = "<group>"; };
		5B7B3AE21C438198001C109B /* RealmPieChartViewController.m */ = {isa = PBXFileReference; fileEncoding = 4; lastKnownFileType = sourcecode.c.objc; path = RealmPieChartViewController.m; sourceTree = "<group>"; };
		5B7B3AE31C438198001C109B /* RealmPieChartViewController.xib */ = {isa = PBXFileReference; fileEncoding = 4; lastKnownFileType = file.xib; path = RealmPieChartViewController.xib; sourceTree = "<group>"; };
		5B7B3AE61C4445E7001C109B /* RealmScatterChartViewController.h */ = {isa = PBXFileReference; fileEncoding = 4; lastKnownFileType = sourcecode.c.h; path = RealmScatterChartViewController.h; sourceTree = "<group>"; };
		5B7B3AE71C4445E7001C109B /* RealmScatterChartViewController.m */ = {isa = PBXFileReference; fileEncoding = 4; lastKnownFileType = sourcecode.c.objc; path = RealmScatterChartViewController.m; sourceTree = "<group>"; };
		5B7B3AE81C4445E7001C109B /* RealmScatterChartViewController.xib */ = {isa = PBXFileReference; fileEncoding = 4; lastKnownFileType = file.xib; path = RealmScatterChartViewController.xib; sourceTree = "<group>"; };
		5B8EAF251AB32CF5009697AA /* DemoBaseViewController.h */ = {isa = PBXFileReference; fileEncoding = 4; lastKnownFileType = sourcecode.c.h; path = DemoBaseViewController.h; sourceTree = "<group>"; };
		5B8EAF261AB32CF5009697AA /* DemoBaseViewController.m */ = {isa = PBXFileReference; fileEncoding = 4; lastKnownFileType = sourcecode.c.objc; path = DemoBaseViewController.m; sourceTree = "<group>"; };
		5B8EAF2F1AB32E15009697AA /* Images.xcassets */ = {isa = PBXFileReference; lastKnownFileType = folder.assetcatalog; path = Images.xcassets; sourceTree = "<group>"; };
		5B90F5AA1E91331E00674000 /* Charts.framework */ = {isa = PBXFileReference; lastKnownFileType = wrapper.framework; name = Charts.framework; path = ../Carthage/Build/iOS/Charts.framework; sourceTree = "<group>"; };
		5BD47E5A1ABB0263008FCEC6 /* BalloonMarker.swift */ = {isa = PBXFileReference; fileEncoding = 4; lastKnownFileType = sourcecode.swift; path = BalloonMarker.swift; sourceTree = "<group>"; };
		5BD47E5C1ABB0273008FCEC6 /* ChartsRealmDemo-Bridging-Header.h */ = {isa = PBXFileReference; lastKnownFileType = sourcecode.c.h; path = "ChartsRealmDemo-Bridging-Header.h"; sourceTree = "<group>"; };
		5BE377DC1D425151006EB34F /* DayAxisValueFormatter.h */ = {isa = PBXFileReference; fileEncoding = 4; lastKnownFileType = sourcecode.c.h; path = DayAxisValueFormatter.h; sourceTree = "<group>"; };
		5BE377DD1D425151006EB34F /* DayAxisValueFormatter.m */ = {isa = PBXFileReference; fileEncoding = 4; lastKnownFileType = sourcecode.c.objc; path = DayAxisValueFormatter.m; sourceTree = "<group>"; };
		5BE377F01D47FDF1006EB34F /* IntAxisValueFormatter.h */ = {isa = PBXFileReference; fileEncoding = 4; lastKnownFileType = sourcecode.c.h; path = IntAxisValueFormatter.h; sourceTree = "<group>"; };
		5BE377F11D47FDF1006EB34F /* IntAxisValueFormatter.m */ = {isa = PBXFileReference; fileEncoding = 4; lastKnownFileType = sourcecode.c.objc; path = IntAxisValueFormatter.m; sourceTree = "<group>"; };
		5BE673981D5BAD7E00A87BA2 /* DateValueFormatter.h */ = {isa = PBXFileReference; fileEncoding = 4; lastKnownFileType = sourcecode.c.h; path = DateValueFormatter.h; sourceTree = "<group>"; };
		5BE673991D5BAD7E00A87BA2 /* DateValueFormatter.m */ = {isa = PBXFileReference; fileEncoding = 4; lastKnownFileType = sourcecode.c.objc; path = DateValueFormatter.m; sourceTree = "<group>"; };
		65BF12581BFBC6EE005C28D9 /* RealmDemoBaseViewController.h */ = {isa = PBXFileReference; fileEncoding = 4; lastKnownFileType = sourcecode.c.h; path = RealmDemoBaseViewController.h; sourceTree = "<group>"; };
		65BF12591BFBC6EE005C28D9 /* RealmDemoBaseViewController.m */ = {isa = PBXFileReference; fileEncoding = 4; lastKnownFileType = sourcecode.c.objc; path = RealmDemoBaseViewController.m; sourceTree = "<group>"; };
		65BF125B1BFBC702005C28D9 /* RealmFloat.h */ = {isa = PBXFileReference; fileEncoding = 4; lastKnownFileType = sourcecode.c.h; path = RealmFloat.h; sourceTree = "<group>"; };
		65BF125C1BFBC702005C28D9 /* RealmFloat.m */ = {isa = PBXFileReference; fileEncoding = 4; lastKnownFileType = sourcecode.c.objc; path = RealmFloat.m; sourceTree = "<group>"; };
		65BF125E1BFBC710005C28D9 /* RealmDemoData.h */ = {isa = PBXFileReference; fileEncoding = 4; lastKnownFileType = sourcecode.c.h; path = RealmDemoData.h; sourceTree = "<group>"; };
		65BF125F1BFBC710005C28D9 /* RealmDemoData.m */ = {isa = PBXFileReference; fileEncoding = 4; lastKnownFileType = sourcecode.c.objc; path = RealmDemoData.m; sourceTree = "<group>"; };
		65BF12AD1BFC9B00005C28D9 /* RealmLineChartViewController.h */ = {isa = PBXFileReference; fileEncoding = 4; lastKnownFileType = sourcecode.c.h; path = RealmLineChartViewController.h; sourceTree = "<group>"; };
		65BF12AE1BFC9B00005C28D9 /* RealmLineChartViewController.m */ = {isa = PBXFileReference; fileEncoding = 4; lastKnownFileType = sourcecode.c.objc; path = RealmLineChartViewController.m; sourceTree = "<group>"; };
		65BF12AF1BFC9B00005C28D9 /* RealmLineChartViewController.xib */ = {isa = PBXFileReference; fileEncoding = 4; lastKnownFileType = file.xib; path = RealmLineChartViewController.xib; sourceTree = "<group>"; };
		65BF12B31BFC9B50005C28D9 /* RealmBarChartViewController.h */ = {isa = PBXFileReference; fileEncoding = 4; lastKnownFileType = sourcecode.c.h; path = RealmBarChartViewController.h; sourceTree = "<group>"; };
		65BF12B41BFC9B50005C28D9 /* RealmBarChartViewController.m */ = {isa = PBXFileReference; fileEncoding = 4; lastKnownFileType = sourcecode.c.objc; path = RealmBarChartViewController.m; sourceTree = "<group>"; };
		65BF12B51BFC9B50005C28D9 /* RealmBarChartViewController.xib */ = {isa = PBXFileReference; fileEncoding = 4; lastKnownFileType = file.xib; path = RealmBarChartViewController.xib; sourceTree = "<group>"; };
		B6E47BF61FFDB16B0072B35C /* Launch Screen.storyboard */ = {isa = PBXFileReference; lastKnownFileType = file.storyboard; path = "Launch Screen.storyboard"; sourceTree = "<group>"; };
/* End PBXFileReference section */

/* Begin PBXFrameworksBuildPhase section */
		5B57BBAC1A9B26AA0036A6CC /* Frameworks */ = {
			isa = PBXFrameworksBuildPhase;
			buildActionMask = 2147483647;
			files = (
				5B90F5AD1E91335A00674000 /* Charts.framework in Frameworks */,
				5B90F5AC1E91335800674000 /* Realm.framework in Frameworks */,
				5B1B5DA11E911559006D1375 /* ChartsRealm.framework in Frameworks */,
			);
			runOnlyForDeploymentPostprocessing = 0;
		};
/* End PBXFrameworksBuildPhase section */

/* Begin PBXGroup section */
		5B1B5D9C1E91152D006D1375 /* Products */ = {
			isa = PBXGroup;
			children = (
				5B1B5DA01E91152D006D1375 /* ChartsRealm.framework */,
			);
			name = Products;
			sourceTree = "<group>";
		};
		5B43161E1AB8D8AE0009FCAA /* app-icon */ = {
			isa = PBXGroup;
			children = (
				5B43161F1AB8D8AE0009FCAA /* Icon-29@2x.png */,
				5B4316201AB8D8AE0009FCAA /* Icon-29@3x.png */,
				5B4316211AB8D8AE0009FCAA /* Icon-40@2x.png */,
				5B4316221AB8D8AE0009FCAA /* Icon-40@3x.png */,
				5B4316231AB8D8AE0009FCAA /* Icon-60@2x.png */,
				5B4316241AB8D8AE0009FCAA /* Icon-60@3x.png */,
				5B4316251AB8D8AE0009FCAA /* iTunesArtwork */,
				5B4316261AB8D8AE0009FCAA /* iTunesArtwork@2x */,
			);
			path = "app-icon";
			sourceTree = "<group>";
		};
		5B57BBA61A9B26AA0036A6CC = {
			isa = PBXGroup;
			children = (
				066750AC1E2DB68D00E22DC6 /* Carthage.xcconfig */,
				5B57BBB11A9B26AA0036A6CC /* Classes */,
				5B8EAF2E1AB32E15009697AA /* Resources */,
				5B57BBB21A9B26AA0036A6CC /* Supporting Files */,
				5B57BBB01A9B26AA0036A6CC /* Products */,
				65BF124F1BFBBF9A005C28D9 /* Frameworks */,
			);
			sourceTree = "<group>";
		};
		5B57BBB01A9B26AA0036A6CC /* Products */ = {
			isa = PBXGroup;
			children = (
				5B57BBAF1A9B26AA0036A6CC /* ChartsRealmDemo.app */,
			);
			name = Products;
			sourceTree = "<group>";
		};
		5B57BBB11A9B26AA0036A6CC /* Classes */ = {
			isa = PBXGroup;
			children = (
				B6E47BF61FFDB16B0072B35C /* Launch Screen.storyboard */,
				5B57BBB61A9B26AA0036A6CC /* AppDelegate.h */,
				5B57BBB71A9B26AA0036A6CC /* AppDelegate.m */,
				5B7B3AD51C437CBC001C109B /* RealmDemoListViewController.h */,
				5B7B3AD61C437CBC001C109B /* RealmDemoListViewController.m */,
				5B7B3AD71C437CBC001C109B /* RealmDemoListViewController.xib */,
				5B8EAF251AB32CF5009697AA /* DemoBaseViewController.h */,
				5B8EAF261AB32CF5009697AA /* DemoBaseViewController.m */,
				5BE377D41D42511A006EB34F /* Formatters */,
				5BD47E541ABB0177008FCEC6 /* Components */,
				65BF12571BFBC6EE005C28D9 /* RealmBase */,
				65BF12561BFBC6D4005C28D9 /* RealmDemos */,
			);
			path = Classes;
			sourceTree = "<group>";
		};
		5B57BBB21A9B26AA0036A6CC /* Supporting Files */ = {
			isa = PBXGroup;
			children = (
				5B57BBB31A9B26AA0036A6CC /* Info.plist */,
				5B57BBB41A9B26AA0036A6CC /* main.m */,
				5BD47E5C1ABB0273008FCEC6 /* ChartsRealmDemo-Bridging-Header.h */,
			);
			path = "Supporting Files";
			sourceTree = "<group>";
		};
		5B613DA21D526AD5000F1E98 /* markers */ = {
			isa = PBXGroup;
			children = (
				5B613DA31D526AD5000F1E98 /* radar_marker@3x.png */,
			);
			path = markers;
			sourceTree = "<group>";
		};
		5B8EAF2E1AB32E15009697AA /* Resources */ = {
			isa = PBXGroup;
			children = (
				5B8EAF2F1AB32E15009697AA /* Images.xcassets */,
				5B43161E1AB8D8AE0009FCAA /* app-icon */,
				5B613DA21D526AD5000F1E98 /* markers */,
			);
			path = Resources;
			sourceTree = "<group>";
		};
		5BD47E541ABB0177008FCEC6 /* Components */ = {
			isa = PBXGroup;
			children = (
				5BD47E5A1ABB0263008FCEC6 /* BalloonMarker.swift */,
				5B613DB21D526DED000F1E98 /* RadarMarkerView.swift */,
				5B613DB41D526EA8000F1E98 /* RadarMarkerView.xib */,
				5B613DEF1D5A50B6000F1E98 /* XYMarkerView.swift */,
			);
			path = Components;
			sourceTree = "<group>";
		};
		5BE377D41D42511A006EB34F /* Formatters */ = {
			isa = PBXGroup;
			children = (
				5BE377DC1D425151006EB34F /* DayAxisValueFormatter.h */,
				5BE377DD1D425151006EB34F /* DayAxisValueFormatter.m */,
				5BE377F01D47FDF1006EB34F /* IntAxisValueFormatter.h */,
				5BE377F11D47FDF1006EB34F /* IntAxisValueFormatter.m */,
				5B613DF11D5A60DF000F1E98 /* LargeValueFormatter.swift */,
				5BE673981D5BAD7E00A87BA2 /* DateValueFormatter.h */,
				5BE673991D5BAD7E00A87BA2 /* DateValueFormatter.m */,
			);
			path = Formatters;
			sourceTree = "<group>";
		};
		65BF124F1BFBBF9A005C28D9 /* Frameworks */ = {
			isa = PBXGroup;
			children = (
				5B1B5D9B1E91152D006D1375 /* ChartsRealm.xcodeproj */,
				5B90F5AA1E91331E00674000 /* Charts.framework */,
				0630AE361D8126B1008859B0 /* Realm.framework */,
			);
			name = Frameworks;
			sourceTree = "<group>";
		};
		65BF12561BFBC6D4005C28D9 /* RealmDemos */ = {
			isa = PBXGroup;
			children = (
				65BF12B31BFC9B50005C28D9 /* RealmBarChartViewController.h */,
				65BF12B41BFC9B50005C28D9 /* RealmBarChartViewController.m */,
				65BF12B51BFC9B50005C28D9 /* RealmBarChartViewController.xib */,
				5B4AC1491C47E7250028D1A6 /* RealmBubbleChartViewController.h */,
				5B4AC14A1C47E7250028D1A6 /* RealmBubbleChartViewController.m */,
				5B4AC14B1C47E7250028D1A6 /* RealmBubbleChartViewController.xib */,
				5B7B3ADC1C437F61001C109B /* RealmCandleChartViewController.h */,
				5B7B3ADD1C437F61001C109B /* RealmCandleChartViewController.m */,
				5B7B3ADE1C437F61001C109B /* RealmCandleChartViewController.xib */,
				5B4AC14E1C47E8720028D1A6 /* RealmHorizontalBarChartViewController.h */,
				5B4AC14F1C47E8720028D1A6 /* RealmHorizontalBarChartViewController.m */,
				5B4AC1501C47E8720028D1A6 /* RealmHorizontalBarChartViewController.xib */,
				65BF12AD1BFC9B00005C28D9 /* RealmLineChartViewController.h */,
				65BF12AE1BFC9B00005C28D9 /* RealmLineChartViewController.m */,
				65BF12AF1BFC9B00005C28D9 /* RealmLineChartViewController.xib */,
				5B7B3AE11C438198001C109B /* RealmPieChartViewController.h */,
				5B7B3AE21C438198001C109B /* RealmPieChartViewController.m */,
				5B7B3AE31C438198001C109B /* RealmPieChartViewController.xib */,
				5B4AC1531C47EDC50028D1A6 /* RealmRadarChartViewController.h */,
				5B4AC1541C47EDC50028D1A6 /* RealmRadarChartViewController.m */,
				5B4AC1551C47EDC50028D1A6 /* RealmRadarChartViewController.xib */,
				5B7B3AE61C4445E7001C109B /* RealmScatterChartViewController.h */,
				5B7B3AE71C4445E7001C109B /* RealmScatterChartViewController.m */,
				5B7B3AE81C4445E7001C109B /* RealmScatterChartViewController.xib */,
				5B4AC19B1C4C19340028D1A6 /* RealmWikiExampleChartViewController.h */,
				5B4AC19C1C4C19340028D1A6 /* RealmWikiExampleChartViewController.m */,
				5B4AC19D1C4C19340028D1A6 /* RealmWikiExampleChartViewController.xib */,
			);
			path = RealmDemos;
			sourceTree = "<group>";
		};
		65BF12571BFBC6EE005C28D9 /* RealmBase */ = {
			isa = PBXGroup;
			children = (
				65BF12581BFBC6EE005C28D9 /* RealmDemoBaseViewController.h */,
				65BF12591BFBC6EE005C28D9 /* RealmDemoBaseViewController.m */,
				65BF125B1BFBC702005C28D9 /* RealmFloat.h */,
				65BF125C1BFBC702005C28D9 /* RealmFloat.m */,
				65BF125E1BFBC710005C28D9 /* RealmDemoData.h */,
				65BF125F1BFBC710005C28D9 /* RealmDemoData.m */,
				5B4AC1961C4C183E0028D1A6 /* Score.h */,
				5B4AC1971C4C183E0028D1A6 /* Score.m */,
			);
			path = RealmBase;
			sourceTree = "<group>";
		};
/* End PBXGroup section */

/* Begin PBXNativeTarget section */
		5B57BBAE1A9B26AA0036A6CC /* ChartsRealmDemo */ = {
			isa = PBXNativeTarget;
			buildConfigurationList = 5B57BBD21A9B26AA0036A6CC /* Build configuration list for PBXNativeTarget "ChartsRealmDemo" */;
			buildPhases = (
				5B57BBAB1A9B26AA0036A6CC /* Sources */,
				5B57BBAC1A9B26AA0036A6CC /* Frameworks */,
				5B57BBAD1A9B26AA0036A6CC /* Resources */,
				5BB4B0751ACA710D00E2EF4D /* Embed Frameworks */,
				5B90F5A71E91317200674000 /* Copy Carthage Frameworks */,
			);
			buildRules = (
			);
			dependencies = (
				5B1B5DA41E911559006D1375 /* PBXTargetDependency */,
			);
			name = ChartsRealmDemo;
			productName = chartstest;
			productReference = 5B57BBAF1A9B26AA0036A6CC /* ChartsRealmDemo.app */;
			productType = "com.apple.product-type.application";
		};
/* End PBXNativeTarget section */

/* Begin PBXProject section */
		5B57BBA71A9B26AA0036A6CC /* Project object */ = {
			isa = PBXProject;
			attributes = {
				LastSwiftMigration = 0700;
				LastSwiftUpdateCheck = 0700;
				LastUpgradeCheck = 0900;
				ORGANIZATIONNAME = dcg;
				TargetAttributes = {
					5B57BBAE1A9B26AA0036A6CC = {
						CreatedOnToolsVersion = 6.1.1;
						LastSwiftMigration = 0900;
					};
				};
			};
			buildConfigurationList = 5B57BBAA1A9B26AA0036A6CC /* Build configuration list for PBXProject "ChartsRealmDemo" */;
			compatibilityVersion = "Xcode 3.2";
			developmentRegion = English;
			hasScannedForEncodings = 0;
			knownRegions = (
				en,
				Base,
			);
			mainGroup = 5B57BBA61A9B26AA0036A6CC;
			productRefGroup = 5B57BBB01A9B26AA0036A6CC /* Products */;
			projectDirPath = "";
			projectReferences = (
				{
					ProductGroup = 5B1B5D9C1E91152D006D1375 /* Products */;
					ProjectRef = 5B1B5D9B1E91152D006D1375 /* ChartsRealm.xcodeproj */;
				},
			);
			projectRoot = "";
			targets = (
				5B57BBAE1A9B26AA0036A6CC /* ChartsRealmDemo */,
			);
		};
/* End PBXProject section */

/* Begin PBXReferenceProxy section */
		5B1B5DA01E91152D006D1375 /* ChartsRealm.framework */ = {
			isa = PBXReferenceProxy;
			fileType = wrapper.framework;
			path = ChartsRealm.framework;
			remoteRef = 5B1B5D9F1E91152D006D1375 /* PBXContainerItemProxy */;
			sourceTree = BUILT_PRODUCTS_DIR;
		};
/* End PBXReferenceProxy section */

/* Begin PBXResourcesBuildPhase section */
		5B57BBAD1A9B26AA0036A6CC /* Resources */ = {
			isa = PBXResourcesBuildPhase;
			buildActionMask = 2147483647;
			files = (
				5B8EAF301AB32E15009697AA /* Images.xcassets in Resources */,
				5B7B3AEA1C4445E7001C109B /* RealmScatterChartViewController.xib in Resources */,
				5B43162B1AB8D8AE0009FCAA /* Icon-60@2x.png in Resources */,
				5B43162E1AB8D8AE0009FCAA /* iTunesArtwork@2x in Resources */,
				B6E47BF71FFDB16B0072B35C /* Launch Screen.storyboard in Resources */,
				5B4316281AB8D8AE0009FCAA /* Icon-29@3x.png in Resources */,
				5B613DB51D526EA8000F1E98 /* RadarMarkerView.xib in Resources */,
				5B43162A1AB8D8AE0009FCAA /* Icon-40@3x.png in Resources */,
				5B4AC1571C47EDC50028D1A6 /* RealmRadarChartViewController.xib in Resources */,
				5B613DA41D526AD5000F1E98 /* radar_marker@3x.png in Resources */,
				65BF12B71BFC9B50005C28D9 /* RealmBarChartViewController.xib in Resources */,
				5B7B3AE01C437F61001C109B /* RealmCandleChartViewController.xib in Resources */,
				5B43162D1AB8D8AE0009FCAA /* iTunesArtwork in Resources */,
				65BF12B11BFC9B00005C28D9 /* RealmLineChartViewController.xib in Resources */,
				5B4AC19F1C4C19340028D1A6 /* RealmWikiExampleChartViewController.xib in Resources */,
				5B7B3AD91C437CBC001C109B /* RealmDemoListViewController.xib in Resources */,
				5B4316291AB8D8AE0009FCAA /* Icon-40@2x.png in Resources */,
				5B4316271AB8D8AE0009FCAA /* Icon-29@2x.png in Resources */,
				5B4AC1521C47E8720028D1A6 /* RealmHorizontalBarChartViewController.xib in Resources */,
				5B4AC14D1C47E7250028D1A6 /* RealmBubbleChartViewController.xib in Resources */,
				5B7B3AE51C438198001C109B /* RealmPieChartViewController.xib in Resources */,
				5B43162C1AB8D8AE0009FCAA /* Icon-60@3x.png in Resources */,
			);
			runOnlyForDeploymentPostprocessing = 0;
		};
/* End PBXResourcesBuildPhase section */

/* Begin PBXShellScriptBuildPhase section */
		5B90F5A71E91317200674000 /* Copy Carthage Frameworks */ = {
			isa = PBXShellScriptBuildPhase;
			buildActionMask = 2147483647;
			files = (
			);
			inputPaths = (
				Realm,
				RealmSwift,
			);
			name = "Copy Carthage Frameworks";
			outputPaths = (
			);
			runOnlyForDeploymentPostprocessing = 0;
			shellPath = /bin/sh;
			shellScript = "#!/bin/sh\n\ncase \"$PLATFORM_NAME\" in\nmacosx) plat=Mac;;\niphone*) plat=iOS;;\nwatch*) plat=watchOS;;\nappletv*) plat=tvOS;;\n*) echo \"error: Unknown PLATFORM_NAME: $PLATFORM_NAME\"; exit 1;;\nesac\n\nfor (( n = 0; n < SCRIPT_INPUT_FILE_COUNT; n++ )); do\nVAR=SCRIPT_INPUT_FILE_$n\nframework=$(basename \"${!VAR}\")\nexport SCRIPT_INPUT_FILE_$n=\"$SRCROOT\"/../Carthage/Build/$plat/\"$framework\".framework\ndone\n\n/usr/local/bin/carthage copy-frameworks || exit\n\nfor (( n = 0; n < SCRIPT_INPUT_FILE_COUNT; n++ )); do\nVAR=SCRIPT_INPUT_FILE_$n\nsource=${!VAR}.dSYM\ndest=${BUILT_PRODUCTS_DIR}/$(basename \"$source\")\nditto \"$source\" \"$dest\" || exit\ndone";
		};
/* End PBXShellScriptBuildPhase section */

/* Begin PBXSourcesBuildPhase section */
		5B57BBAB1A9B26AA0036A6CC /* Sources */ = {
			isa = PBXSourcesBuildPhase;
			buildActionMask = 2147483647;
			files = (
				5B613DF21D5A60DF000F1E98 /* LargeValueFormatter.swift in Sources */,
				5B4AC19E1C4C19340028D1A6 /* RealmWikiExampleChartViewController.m in Sources */,
				5B4AC1561C47EDC50028D1A6 /* RealmRadarChartViewController.m in Sources */,
				5BE377F21D47FDF1006EB34F /* IntAxisValueFormatter.m in Sources */,
				65BF125D1BFBC702005C28D9 /* RealmFloat.m in Sources */,
				5BE377DE1D425151006EB34F /* DayAxisValueFormatter.m in Sources */,
				5B7B3AE91C4445E7001C109B /* RealmScatterChartViewController.m in Sources */,
				5B613DB31D526DED000F1E98 /* RadarMarkerView.swift in Sources */,
				5B7B3ADF1C437F61001C109B /* RealmCandleChartViewController.m in Sources */,
				5B4AC14C1C47E7250028D1A6 /* RealmBubbleChartViewController.m in Sources */,
				65BF125A1BFBC6EE005C28D9 /* RealmDemoBaseViewController.m in Sources */,
				5B57BBB81A9B26AA0036A6CC /* AppDelegate.m in Sources */,
				5B7B3AD81C437CBC001C109B /* RealmDemoListViewController.m in Sources */,
				5BD47E5B1ABB0263008FCEC6 /* BalloonMarker.swift in Sources */,
				5B4AC1981C4C183E0028D1A6 /* Score.m in Sources */,
				5BE6739A1D5BAD7E00A87BA2 /* DateValueFormatter.m in Sources */,
				65BF12B61BFC9B50005C28D9 /* RealmBarChartViewController.m in Sources */,
				5B8EAF281AB32CF5009697AA /* DemoBaseViewController.m in Sources */,
				65BF12601BFBC710005C28D9 /* RealmDemoData.m in Sources */,
				5B4AC1511C47E8720028D1A6 /* RealmHorizontalBarChartViewController.m in Sources */,
				5B613DF01D5A50B6000F1E98 /* XYMarkerView.swift in Sources */,
				5B7B3AE41C438198001C109B /* RealmPieChartViewController.m in Sources */,
				65BF12B01BFC9B00005C28D9 /* RealmLineChartViewController.m in Sources */,
				5B57BBB51A9B26AA0036A6CC /* main.m in Sources */,
			);
			runOnlyForDeploymentPostprocessing = 0;
		};
/* End PBXSourcesBuildPhase section */

/* Begin PBXTargetDependency section */
		5B1B5DA41E911559006D1375 /* PBXTargetDependency */ = {
			isa = PBXTargetDependency;
			name = ChartsRealm;
			targetProxy = 5B1B5DA31E911559006D1375 /* PBXContainerItemProxy */;
		};
/* End PBXTargetDependency section */

/* Begin XCBuildConfiguration section */
		5B57BBD01A9B26AA0036A6CC /* Debug */ = {
			isa = XCBuildConfiguration;
			baseConfigurationReference = 066750AC1E2DB68D00E22DC6 /* Carthage.xcconfig */;
			buildSettings = {
				ALWAYS_SEARCH_USER_PATHS = NO;
				CLANG_CXX_LANGUAGE_STANDARD = "gnu++0x";
				CLANG_CXX_LIBRARY = "libc++";
				CLANG_ENABLE_MODULES = YES;
				CLANG_ENABLE_OBJC_ARC = YES;
				CLANG_WARN_BLOCK_CAPTURE_AUTORELEASING = YES;
				CLANG_WARN_BOOL_CONVERSION = YES;
				CLANG_WARN_COMMA = YES;
				CLANG_WARN_CONSTANT_CONVERSION = YES;
				CLANG_WARN_DIRECT_OBJC_ISA_USAGE = YES_ERROR;
				CLANG_WARN_EMPTY_BODY = YES;
				CLANG_WARN_ENUM_CONVERSION = YES;
				CLANG_WARN_INFINITE_RECURSION = YES;
				CLANG_WARN_INT_CONVERSION = YES;
				CLANG_WARN_NON_LITERAL_NULL_CONVERSION = YES;
				CLANG_WARN_OBJC_LITERAL_CONVERSION = YES;
				CLANG_WARN_OBJC_ROOT_CLASS = YES_ERROR;
				CLANG_WARN_RANGE_LOOP_ANALYSIS = YES;
				CLANG_WARN_STRICT_PROTOTYPES = YES;
				CLANG_WARN_SUSPICIOUS_MOVE = YES;
				CLANG_WARN_UNREACHABLE_CODE = YES;
				CLANG_WARN__DUPLICATE_METHOD_MATCH = YES;
				"CODE_SIGN_IDENTITY[sdk=iphoneos*]" = "iPhone Developer";
				COPY_PHASE_STRIP = NO;
				ENABLE_STRICT_OBJC_MSGSEND = YES;
				ENABLE_TESTABILITY = YES;
				GCC_C_LANGUAGE_STANDARD = gnu99;
				GCC_DYNAMIC_NO_PIC = NO;
				GCC_NO_COMMON_BLOCKS = YES;
				GCC_OPTIMIZATION_LEVEL = 0;
				GCC_PREPROCESSOR_DEFINITIONS = (
					"DEBUG=1",
					"$(inherited)",
				);
				GCC_SYMBOLS_PRIVATE_EXTERN = NO;
				GCC_WARN_64_TO_32_BIT_CONVERSION = YES;
				GCC_WARN_ABOUT_RETURN_TYPE = YES_ERROR;
				GCC_WARN_UNDECLARED_SELECTOR = YES;
				GCC_WARN_UNINITIALIZED_AUTOS = YES_AGGRESSIVE;
				GCC_WARN_UNUSED_FUNCTION = YES;
				GCC_WARN_UNUSED_VARIABLE = YES;
				IPHONEOS_DEPLOYMENT_TARGET = 8.1;
				MTL_ENABLE_DEBUG_INFO = YES;
				ONLY_ACTIVE_ARCH = YES;
				SDKROOT = iphoneos;
			};
			name = Debug;
		};
		5B57BBD11A9B26AA0036A6CC /* Release */ = {
			isa = XCBuildConfiguration;
			baseConfigurationReference = 066750AC1E2DB68D00E22DC6 /* Carthage.xcconfig */;
			buildSettings = {
				ALWAYS_SEARCH_USER_PATHS = NO;
				CLANG_CXX_LANGUAGE_STANDARD = "gnu++0x";
				CLANG_CXX_LIBRARY = "libc++";
				CLANG_ENABLE_MODULES = YES;
				CLANG_ENABLE_OBJC_ARC = YES;
				CLANG_WARN_BLOCK_CAPTURE_AUTORELEASING = YES;
				CLANG_WARN_BOOL_CONVERSION = YES;
				CLANG_WARN_COMMA = YES;
				CLANG_WARN_CONSTANT_CONVERSION = YES;
				CLANG_WARN_DIRECT_OBJC_ISA_USAGE = YES_ERROR;
				CLANG_WARN_EMPTY_BODY = YES;
				CLANG_WARN_ENUM_CONVERSION = YES;
				CLANG_WARN_INFINITE_RECURSION = YES;
				CLANG_WARN_INT_CONVERSION = YES;
				CLANG_WARN_NON_LITERAL_NULL_CONVERSION = YES;
				CLANG_WARN_OBJC_LITERAL_CONVERSION = YES;
				CLANG_WARN_OBJC_ROOT_CLASS = YES_ERROR;
				CLANG_WARN_RANGE_LOOP_ANALYSIS = YES;
				CLANG_WARN_STRICT_PROTOTYPES = YES;
				CLANG_WARN_SUSPICIOUS_MOVE = YES;
				CLANG_WARN_UNREACHABLE_CODE = YES;
				CLANG_WARN__DUPLICATE_METHOD_MATCH = YES;
				"CODE_SIGN_IDENTITY[sdk=iphoneos*]" = "iPhone Developer";
				COPY_PHASE_STRIP = YES;
				ENABLE_NS_ASSERTIONS = NO;
				ENABLE_STRICT_OBJC_MSGSEND = YES;
				GCC_C_LANGUAGE_STANDARD = gnu99;
				GCC_NO_COMMON_BLOCKS = YES;
				GCC_WARN_64_TO_32_BIT_CONVERSION = YES;
				GCC_WARN_ABOUT_RETURN_TYPE = YES_ERROR;
				GCC_WARN_UNDECLARED_SELECTOR = YES;
				GCC_WARN_UNINITIALIZED_AUTOS = YES_AGGRESSIVE;
				GCC_WARN_UNUSED_FUNCTION = YES;
				GCC_WARN_UNUSED_VARIABLE = YES;
				IPHONEOS_DEPLOYMENT_TARGET = 8.1;
				MTL_ENABLE_DEBUG_INFO = NO;
				SDKROOT = iphoneos;
				SWIFT_OPTIMIZATION_LEVEL = "-Owholemodule";
				VALIDATE_PRODUCT = YES;
			};
			name = Release;
		};
		5B57BBD31A9B26AA0036A6CC /* Debug */ = {
			isa = XCBuildConfiguration;
			baseConfigurationReference = 066750AC1E2DB68D00E22DC6 /* Carthage.xcconfig */;
			buildSettings = {
				ALWAYS_EMBED_SWIFT_STANDARD_LIBRARIES = YES;
				ASSETCATALOG_COMPILER_APPICON_NAME = AppIcon;
				CLANG_ENABLE_MODULES = YES;
				FRAMEWORK_SEARCH_PATHS = "$(SOURCE_ROOT)/../Carthage/Build/iOS";
				INFOPLIST_FILE = "Supporting Files/Info.plist";
				IPHONEOS_DEPLOYMENT_TARGET = 9.0;
				LD_RUNPATH_SEARCH_PATHS = "$(inherited) @executable_path/Frameworks";
				PRODUCT_BUNDLE_IDENTIFIER = com.dcg.ChartsRealmDemo;
				PRODUCT_NAME = ChartsRealmDemo;
				SUPPORTED_PLATFORMS = "iphonesimulator iphoneos";
				SWIFT_OBJC_BRIDGING_HEADER = "Supporting Files/ChartsRealmDemo-Bridging-Header.h";
				SWIFT_OPTIMIZATION_LEVEL = "-Onone";
				SWIFT_SWIFT3_OBJC_INFERENCE = Default;
				SWIFT_VERSION = 4.0;
			};
			name = Debug;
		};
		5B57BBD41A9B26AA0036A6CC /* Release */ = {
			isa = XCBuildConfiguration;
			baseConfigurationReference = 066750AC1E2DB68D00E22DC6 /* Carthage.xcconfig */;
			buildSettings = {
				ALWAYS_EMBED_SWIFT_STANDARD_LIBRARIES = YES;
				ASSETCATALOG_COMPILER_APPICON_NAME = AppIcon;
				CLANG_ENABLE_MODULES = YES;
				FRAMEWORK_SEARCH_PATHS = "$(SOURCE_ROOT)/../Carthage/Build/iOS";
				INFOPLIST_FILE = "Supporting Files/Info.plist";
				IPHONEOS_DEPLOYMENT_TARGET = 9.0;
				LD_RUNPATH_SEARCH_PATHS = "$(inherited) @executable_path/Frameworks";
				PRODUCT_BUNDLE_IDENTIFIER = com.dcg.ChartsRealmDemo;
				PRODUCT_NAME = ChartsRealmDemo;
				SUPPORTED_PLATFORMS = "iphonesimulator iphoneos";
				SWIFT_OBJC_BRIDGING_HEADER = "Supporting Files/ChartsRealmDemo-Bridging-Header.h";
				SWIFT_SWIFT3_OBJC_INFERENCE = Default;
				SWIFT_VERSION = 4.0;
			};
			name = Release;
		};
/* End XCBuildConfiguration section */

/* Begin XCConfigurationList section */
		5B57BBAA1A9B26AA0036A6CC /* Build configuration list for PBXProject "ChartsRealmDemo" */ = {
			isa = XCConfigurationList;
			buildConfigurations = (
				5B57BBD01A9B26AA0036A6CC /* Debug */,
				5B57BBD11A9B26AA0036A6CC /* Release */,
			);
			defaultConfigurationIsVisible = 0;
			defaultConfigurationName = Release;
		};
		5B57BBD21A9B26AA0036A6CC /* Build configuration list for PBXNativeTarget "ChartsRealmDemo" */ = {
			isa = XCConfigurationList;
			buildConfigurations = (
				5B57BBD31A9B26AA0036A6CC /* Debug */,
				5B57BBD41A9B26AA0036A6CC /* Release */,
			);
			defaultConfigurationIsVisible = 0;
			defaultConfigurationName = Release;
		};
/* End XCConfigurationList section */
	};
	rootObject = 5B57BBA71A9B26AA0036A6CC /* Project object */;
}
